
Microsoft Visual Studio Solution File, Format Version 12.00
# Visual Studio Version 17
VisualStudioVersion = 17.7.34202.233
MinimumVisualStudioVersion = 10.0.40219.1
Project("{FAE04EC0-301F-11D3-BF4B-00C04F79EFBC}") = "InfoBovinosAPI", "InfoBovinosAPI\InfoBovinosAPI.csproj", "{678AFFF7-BDB0-4042-A54C-31BE23DCDC18}"
EndProject
Global
	GlobalSection(SolutionConfigurationPlatforms) = preSolution
		Debug|Any CPU = Debug|Any CPU
		Release|Any CPU = Release|Any CPU
	EndGlobalSection
	GlobalSection(ProjectConfigurationPlatforms) = postSolution
		{678AFFF7-BDB0-4042-A54C-31BE23DCDC18}.Debug|Any CPU.ActiveCfg = Debug|Any CPU
		{678AFFF7-BDB0-4042-A54C-31BE23DCDC18}.Debug|Any CPU.Build.0 = Debug|Any CPU
		{678AFFF7-BDB0-4042-A54C-31BE23DCDC18}.Release|Any CPU.ActiveCfg = Release|Any CPU
		{678AFFF7-BDB0-4042-A54C-31BE23DCDC18}.Release|Any CPU.Build.0 = Release|Any CPU
	EndGlobalSection
	GlobalSection(SolutionProperties) = preSolution
		HideSolutionNode = FALSE
	EndGlobalSection
	GlobalSection(ExtensibilityGlobals) = postSolution
		SolutionGuid = {BFC97FB9-43CA-433B-A2DF-3B34283DBE94}
	EndGlobalSection
EndGlobal
